
Microsoft Visual Studio Solution File, Format Version 11.00
# Visual Studio 2010
Project("{FAE04EC0-301F-11D3-BF4B-00C04F79EFBC}") = "alert", "alert\alert.csproj", "{7652FA59-B79E-4708-9A08-4637918D1922}"
EndProject
Global
	GlobalSection(SolutionConfigurationPlatforms) = preSolution
		Debug|x86 = Debug|x86
		Release|x86 = Release|x86
	EndGlobalSection
	GlobalSection(ProjectConfigurationPlatforms) = postSolution
		{7652FA59-B79E-4708-9A08-4637918D1922}.Debug|x86.ActiveCfg = Debug|x86
		{7652FA59-B79E-4708-9A08-4637918D1922}.Debug|x86.Build.0 = Debug|x86
		{7652FA59-B79E-4708-9A08-4637918D1922}.Release|x86.ActiveCfg = Release|x86
		{7652FA59-B79E-4708-9A08-4637918D1922}.Release|x86.Build.0 = Release|x86
	EndGlobalSection
	GlobalSection(SolutionProperties) = preSolution
		HideSolutionNode = FALSE
	EndGlobalSection
EndGlobal
